<?xml version="1.0" encoding="utf-8"?>
<Project ToolsVersion="4.0" xmlns="http://schemas.microsoft.com/developer/msbuild/2003">
  <ItemGroup>
    <Filter Include="Source Files">
      <UniqueIdentifier>{4FC737F1-C7A5-4376-A066-2A32D752A2FF}</UniqueIdentifier>
      <Extensions>cpp;c;cc;cxx;def;odl;idl;hpj;bat;asm;asmx</Extensions>
    </Filter>
    <Filter Include="Header Files">
      <UniqueIdentifier>{93995380-89BD-4b04-88EB-625FBE52EBFB}</UniqueIdentifier>
      <Extensions>h;hh;hpp;hxx;hm;inl;inc;xsd</Extensions>
    </Filter>
    <Filter Include="Resources">
      <UniqueIdentifier>{7213603f-d426-4ed0-8b95-fe3525f62dd4}</UniqueIdentifier>
    </Filter>
    <Filter Include="Header Files\Key_System">
      <UniqueIdentifier>{e38cd6e5-8a0a-43f6-ab38-a8edef668c39}</UniqueIdentifier>
    </Filter>
    <Filter Include="Source Files\Key_System">
      <UniqueIdentifier>{004e42a1-8dc4-4f27-8829-44eba7f62aaf}</UniqueIdentifier>
    </Filter>
    <Filter Include="Header Files\Windows">
      <UniqueIdentifier>{cbe0588d-60df-432c-9f42-baee2287b4e6}</UniqueIdentifier>
    </Filter>
    <Filter Include="Source Files\Windows">
      <UniqueIdentifier>{58602f5f-bf2c-4f10-8435-0b3dc71e2cbb}</UniqueIdentifier>
    </Filter>
    <Filter Include="Header Files\Misc">
      <UniqueIdentifier>{9ddf4646-389e-4802-a4e9-378cb6654c83}</UniqueIdentifier>
    </Filter>
  </ItemGroup>
  <ItemGroup>
    <ClCompile Include="main.cpp">
      <Filter>Source Files</Filter>
    </ClCompile>
    <ClCompile Include="helpers.cpp">
      <Filter>Source Files</Filter>
    </ClCompile>
    <ClCompile Include="KeyManager.cpp">
      <Filter>Source Files\Key_System</Filter>
    </ClCompile>
    <ClCompile Include="WindowHelpers.cpp">
      <Filter>Source Files\Windows</Filter>
    </ClCompile>
  </ItemGroup>
  <ItemGroup>
    <ClInclude Include="helpers.h">
      <Filter>Header Files</Filter>
    </ClInclude>
    <ClInclude Include="KeyManager.h">
      <Filter>Header Files\Key_System</Filter>
    </ClInclude>
    <ClInclude Include="KeyObject.h">
      <Filter>Header Files\Key_System</Filter>
    </ClInclude>
    <ClInclude Include="WindowHelpers.h">
      <Filter>Header Files\Windows</Filter>
    </ClInclude>
    <ClInclude Include="defines.h">
      <Filter>Header Files\Misc</Filter>
    </ClInclude>
    <ClInclude Include="resource.h">
      <Filter>Header Files\Misc</Filter>
    </ClInclude>
  </ItemGroup>
  <ItemGroup>
    <Image Include="icon1.ico">
      <Filter>Resources</Filter>
    </Image>
  </ItemGroup>
  <ItemGroup>
    <Text Include="keys.txt">
      <Filter>Resources</Filter>
    </Text>
  </ItemGroup>
  <ItemGroup>
    <ResourceCompile Include="NoCapsLock.rc">
      <Filter>Resources</Filter>
    </ResourceCompile>
  </ItemGroup>
</Project>